
Microsoft Visual Studio Solution File, Format Version 12.00
# Visual Studio 15
VisualStudioVersion = 15.0.28307.168
MinimumVisualStudioVersion = 10.0.40219.1
Project("{8BC9CEB8-8B4A-11D0-8D11-00A0C91BC942}") = "vulkan-tutorial-hpp", "vulkan-tutorial-hpp.vcxproj", "{A9DE6A26-2FEB-406D-9C5F-45563ED59906}"
EndProject
Global
	GlobalSection(SolutionConfigurationPlatforms) = preSolution
		Debug|x64 = Debug|x64
		Debug|x86 = Debug|x86
		Release|x64 = Release|x64
		Release|x86 = Release|x86
	EndGlobalSection
	GlobalSection(ProjectConfigurationPlatforms) = postSolution
		{A9DE6A26-2FEB-406D-9C5F-45563ED59906}.Debug|x64.ActiveCfg = Debug|x64
		{A9DE6A26-2FEB-406D-9C5F-45563ED59906}.Debug|x64.Build.0 = Debug|x64
		{A9DE6A26-2FEB-406D-9C5F-45563ED59906}.Debug|x86.ActiveCfg = Debug|Win32
		{A9DE6A26-2FEB-406D-9C5F-45563ED59906}.Debug|x86.Build.0 = Debug|Win32
		{A9DE6A26-2FEB-406D-9C5F-45563ED59906}.Release|x64.ActiveCfg = Release|x64
		{A9DE6A26-2FEB-406D-9C5F-45563ED59906}.Release|x64.Build.0 = Release|x64
		{A9DE6A26-2FEB-406D-9C5F-45563ED59906}.Release|x86.ActiveCfg = Release|Win32
		{A9DE6A26-2FEB-406D-9C5F-45563ED59906}.Release|x86.Build.0 = Release|Win32
	EndGlobalSection
	GlobalSection(SolutionProperties) = preSolution
		HideSolutionNode = FALSE
	EndGlobalSection
	GlobalSection(ExtensibilityGlobals) = postSolution
		SolutionGuid = {C176BB5E-0A1D-4B0A-AFD3-6EC2780A6B8D}
	EndGlobalSection
EndGlobal
